
Microsoft Visual Studio Solution File, Format Version 12.00
# Visual Studio Version 17
VisualStudioVersion = 17.5.33516.290
MinimumVisualStudioVersion = 10.0.40219.1
Project("{FAE04EC0-301F-11D3-BF4B-00C04F79EFBC}") = "MySQL Output Generator", "MySQL Output Generator\MySQL Output Generator.csproj", "{05EC3FA8-9D26-445F-A4D4-CB30CC9B6404}"
EndProject
Project("{54435603-DBB4-11D2-8724-00A0C9A8B90C}") = "MySqlOutputGenerator", "MySqlOutputGenerator\MySqlOutputGenerator.vdproj", "{CD3FE77F-0992-4C70-9729-008D72B9F6F9}"
EndProject
Global
	GlobalSection(SolutionConfigurationPlatforms) = preSolution
		Debug|Any CPU = Debug|Any CPU
		Release|Any CPU = Release|Any CPU
	EndGlobalSection
	GlobalSection(ProjectConfigurationPlatforms) = postSolution
		{05EC3FA8-9D26-445F-A4D4-CB30CC9B6404}.Debug|Any CPU.ActiveCfg = Debug|Any CPU
		{05EC3FA8-9D26-445F-A4D4-CB30CC9B6404}.Debug|Any CPU.Build.0 = Debug|Any CPU
		{05EC3FA8-9D26-445F-A4D4-CB30CC9B6404}.Release|Any CPU.ActiveCfg = Release|Any CPU
		{05EC3FA8-9D26-445F-A4D4-CB30CC9B6404}.Release|Any CPU.Build.0 = Release|Any CPU
		{CD3FE77F-0992-4C70-9729-008D72B9F6F9}.Debug|Any CPU.ActiveCfg = Debug
		{CD3FE77F-0992-4C70-9729-008D72B9F6F9}.Release|Any CPU.ActiveCfg = Release
	EndGlobalSection
	GlobalSection(SolutionProperties) = preSolution
		HideSolutionNode = FALSE
	EndGlobalSection
	GlobalSection(ExtensibilityGlobals) = postSolution
		SolutionGuid = {70780C94-8FC6-48EA-B24F-C5E04D2508C1}
	EndGlobalSection
EndGlobal
